
Microsoft Visual Studio Solution File, Format Version 12.00
# Visual Studio Version 17
VisualStudioVersion = 17.9.34728.123
MinimumVisualStudioVersion = 10.0.40219.1
Project("{9A19103F-16F7-4668-BE54-9A1E7A4F7556}") = "Alarm.Api", "Alarm.Api\Alarm.Api.csproj", "{A968FD32-67EE-4DB1-87B7-B0D1501C750C}"
EndProject
Global
	GlobalSection(SolutionConfigurationPlatforms) = preSolution
		Debug|Any CPU = Debug|Any CPU
		Release|Any CPU = Release|Any CPU
	EndGlobalSection
	GlobalSection(ProjectConfigurationPlatforms) = postSolution
		{A968FD32-67EE-4DB1-87B7-B0D1501C750C}.Debug|Any CPU.ActiveCfg = Debug|Any CPU
		{A968FD32-67EE-4DB1-87B7-B0D1501C750C}.Debug|Any CPU.Build.0 = Debug|Any CPU
		{A968FD32-67EE-4DB1-87B7-B0D1501C750C}.Release|Any CPU.ActiveCfg = Release|Any CPU
		{A968FD32-67EE-4DB1-87B7-B0D1501C750C}.Release|Any CPU.Build.0 = Release|Any CPU
	EndGlobalSection
	GlobalSection(SolutionProperties) = preSolution
		HideSolutionNode = FALSE
	EndGlobalSection
	GlobalSection(ExtensibilityGlobals) = postSolution
		SolutionGuid = {C7FE1681-C669-4C9E-9B46-69487FEDE43C}
	EndGlobalSection
EndGlobal
